
Microsoft Visual Studio Solution File, Format Version 12.00
# Visual Studio 15
VisualStudioVersion = 15.0.28010.2050
MinimumVisualStudioVersion = 10.0.40219.1
Project("{FAE04EC0-301F-11D3-BF4B-00C04F79EFBC}") = "Projekt 2", "Projekt 2\Projekt 2.csproj", "{47E59E7E-A7C6-492C-921C-408005277642}"
EndProject
Global
	GlobalSection(SolutionConfigurationPlatforms) = preSolution
		Debug|Any CPU = Debug|Any CPU
		Release|Any CPU = Release|Any CPU
	EndGlobalSection
	GlobalSection(ProjectConfigurationPlatforms) = postSolution
		{47E59E7E-A7C6-492C-921C-408005277642}.Debug|Any CPU.ActiveCfg = Debug|Any CPU
		{47E59E7E-A7C6-492C-921C-408005277642}.Debug|Any CPU.Build.0 = Debug|Any CPU
		{47E59E7E-A7C6-492C-921C-408005277642}.Release|Any CPU.ActiveCfg = Release|Any CPU
		{47E59E7E-A7C6-492C-921C-408005277642}.Release|Any CPU.Build.0 = Release|Any CPU
	EndGlobalSection
	GlobalSection(SolutionProperties) = preSolution
		HideSolutionNode = FALSE
	EndGlobalSection
	GlobalSection(ExtensibilityGlobals) = postSolution
		SolutionGuid = {5EA3053B-0231-439F-B436-43A4F3A088AE}
	EndGlobalSection
EndGlobal
